{
  "name": "lnurl-commando",
  "version": "0.1.0",
  "lockfileVersion": 2,
  "requires": true,
  "packages": {
    "": {
      "name": "lnurl-commando",
      "version": "0.1.0",
      "dependencies": {
        "lnsocket": "^0.2.3"
      },
      "bin": {
        "lnurl-commando": "lnurl-commando"
      }
    },
    "node_modules/lnsocket": {
      "version": "0.2.3",
      "resolved": "https://registry.npmjs.org/lnsocket/-/lnsocket-0.2.3.tgz",
      "integrity": "sha512-CI4cMKefLkwb//WEyjyiHnVp5z60kfbhWiiGctGfDsXxJ8kRpXt7VgaTHFDAQ4cUaJ+paMXtAItLyVRu0OVdqw=="
    }
  },
  "dependencies": {
    "lnsocket": {
      "version": "0.2.3",
      "resolved": "https://registry.npmjs.org/lnsocket/-/lnsocket-0.2.3.tgz",
      "integrity": "sha512-CI4cMKefLkwb//WEyjyiHnVp5z60kfbhWiiGctGfDsXxJ8kRpXt7VgaTHFDAQ4cUaJ+paMXtAItLyVRu0OVdqw=="
    }
  }
}
