{
  "name": "lnurl-commando",
  "version": "0.1.0",
  "lockfileVersion": 2,
  "requires": true,
  "packages": {
    "": {
      "name": "lnurl-commando",
      "version": "0.1.0",
      "dependencies": {
        "lnsocket": "^0.3.1",
        "minimist": "^1.2.6"
      },
      "bin": {
        "lnurl-commando": "lnurl-commando"
      }
    },
    "node_modules/lnsocket": {
      "version": "0.3.1",
      "resolved": "https://registry.npmjs.org/lnsocket/-/lnsocket-0.3.1.tgz",
      "integrity": "sha512-A1yBMnb67vRuifMK3bE+Pmwo4011xW4r/WSdxBT3lLSop/nh2OjwHx/1oIARFCOTGKI22QXUB4pjdbsd/Ht1pw=="
    },
    "node_modules/minimist": {
      "version": "1.2.6",
      "resolved": "https://registry.npmjs.org/minimist/-/minimist-1.2.6.tgz",
      "integrity": "sha512-Jsjnk4bw3YJqYzbdyBiNsPWHPfO++UGG749Cxs6peCu5Xg4nrena6OVxOYxrQTqww0Jmwt+Ref8rggumkTLz9Q=="
    }
  },
  "dependencies": {
    "lnsocket": {
      "version": "0.3.1",
      "resolved": "https://registry.npmjs.org/lnsocket/-/lnsocket-0.3.1.tgz",
      "integrity": "sha512-A1yBMnb67vRuifMK3bE+Pmwo4011xW4r/WSdxBT3lLSop/nh2OjwHx/1oIARFCOTGKI22QXUB4pjdbsd/Ht1pw=="
    },
    "minimist": {
      "version": "1.2.6",
      "resolved": "https://registry.npmjs.org/minimist/-/minimist-1.2.6.tgz",
      "integrity": "sha512-Jsjnk4bw3YJqYzbdyBiNsPWHPfO++UGG749Cxs6peCu5Xg4nrena6OVxOYxrQTqww0Jmwt+Ref8rggumkTLz9Q=="
    }
  }
}
